// !$*UTF8*$!
{
	archiveVersion = 1;
	classes = {
	};
	objectVersion = 46;
	objects = {

/* Begin PBXBuildFile section */
		4C6716E11C72733D0069300F /* AppDelegate.swift in Sources */ = {isa = PBXBuildFile; fileRef = 4C6716E01C72733D0069300F /* AppDelegate.swift */; };
		4C6716E31C72733D0069300F /* ViewController.swift in Sources */ = {isa = PBXBuildFile; fileRef = 4C6716E21C72733D0069300F /* ViewController.swift */; };
		4C6716E61C72733D0069300F /* Main.storyboard in Resources */ = {isa = PBXBuildFile; fileRef = 4C6716E41C72733D0069300F /* Main.storyboard */; };
		4C6716E81C72733D0069300F /* Assets.xcassets in Resources */ = {isa = PBXBuildFile; fileRef = 4C6716E71C72733D0069300F /* Assets.xcassets */; };
		4C6716EB1C72733D0069300F /* LaunchScreen.storyboard in Resources */ = {isa = PBXBuildFile; fileRef = 4C6716E91C72733D0069300F /* LaunchScreen.storyboard */; };
		4C6716F31C72749C0069300F /* UIImage+Gif.swift in Sources */ = {isa = PBXBuildFile; fileRef = 4C6716F21C72749C0069300F /* UIImage+Gif.swift */; };
		4C6716F51C72FCDF0069300F /* AdditionalViewController.swift in Sources */ = {isa = PBXBuildFile; fileRef = 4C6716F41C72FCDF0069300F /* AdditionalViewController.swift */; };
/* End PBXBuildFile section */

/* Begin PBXFileReference section */
		4C6716DD1C72733D0069300F /* Morning Briefing.app */ = {isa = PBXFileReference; explicitFileType = wrapper.application; includeInIndex = 0; path = "Morning Briefing.app"; sourceTree = BUILT_PRODUCTS_DIR; };
		4C6716E01C72733D0069300F /* AppDelegate.swift */ = {isa = PBXFileReference; lastKnownFileType = sourcecode.swift; path = AppDelegate.swift; sourceTree = "<group>"; };
		4C6716E21C72733D0069300F /* ViewController.swift */ = {isa = PBXFileReference; lastKnownFileType = sourcecode.swift; path = ViewController.swift; sourceTree = "<group>"; };
		4C6716E51C72733D0069300F /* Base */ = {isa = PBXFileReference; lastKnownFileType = file.storyboard; name = Base; path = Base.lproj/Main.storyboard; sourceTree = "<group>"; };
		4C6716E71C72733D0069300F /* Assets.xcassets */ = {isa = PBXFileReference; lastKnownFileType = folder.assetcatalog; path = Assets.xcassets; sourceTree = "<group>"; };
		4C6716EA1C72733D0069300F /* Base */ = {isa = PBXFileReference; lastKnownFileType = file.storyboard; name = Base; path = Base.lproj/LaunchScreen.storyboard; sourceTree = "<group>"; };
		4C6716EC1C72733D0069300F /* Info.plist */ = {isa = PBXFileReference; lastKnownFileType = text.plist.xml; path = Info.plist; sourceTree = "<group>"; };
		4C6716F21C72749C0069300F /* UIImage+Gif.swift */ = {isa = PBXFileReference; fileEncoding = 4; lastKnownFileType = sourcecode.swift; path = "UIImage+Gif.swift"; sourceTree = "<group>"; };
		4C6716F41C72FCDF0069300F /* AdditionalViewController.swift */ = {isa = PBXFileReference; fileEncoding = 4; lastKnownFileType = sourcecode.swift; path = AdditionalViewController.swift; sourceTree = "<group>"; };
/* End PBXFileReference section */

/* Begin PBXFrameworksBuildPhase section */
		4C6716DA1C72733D0069300F /* Frameworks */ = {
			isa = PBXFrameworksBuildPhase;
			buildActionMask = 2147483647;
			files = (
			);
			runOnlyForDeploymentPostprocessing = 0;
		};
/* End PBXFrameworksBuildPhase section */

/* Begin PBXGroup section */
		4C6716D41C72733D0069300F = {
			isa = PBXGroup;
			children = (
				4C6716DF1C72733D0069300F /* Morning Briefing */,
				4C6716DE1C72733D0069300F /* Products */,
			);
			sourceTree = "<group>";
		};
		4C6716DE1C72733D0069300F /* Products */ = {
			isa = PBXGroup;
			children = (
				4C6716DD1C72733D0069300F /* Morning Briefing.app */,
			);
			name = Products;
			sourceTree = "<group>";
		};
		4C6716DF1C72733D0069300F /* Morning Briefing */ = {
			isa = PBXGroup;
			children = (
				4C6716E01C72733D0069300F /* AppDelegate.swift */,
				4C6716E21C72733D0069300F /* ViewController.swift */,
				4C6716E41C72733D0069300F /* Main.storyboard */,
				4C6716E71C72733D0069300F /* Assets.xcassets */,
				4C6716E91C72733D0069300F /* LaunchScreen.storyboard */,
				4C6716F21C72749C0069300F /* UIImage+Gif.swift */,
				4C6716EC1C72733D0069300F /* Info.plist */,
				4C6716F41C72FCDF0069300F /* AdditionalViewController.swift */,
			);
			path = "Morning Briefing";
			sourceTree = "<group>";
		};
/* End PBXGroup section */

/* Begin PBXNativeTarget section */
		4C6716DC1C72733D0069300F /* Morning Briefing */ = {
			isa = PBXNativeTarget;
			buildConfigurationList = 4C6716EF1C72733D0069300F /* Build configuration list for PBXNativeTarget "Morning Briefing" */;
			buildPhases = (
				4C6716D91C72733D0069300F /* Sources */,
				4C6716DA1C72733D0069300F /* Frameworks */,
				4C6716DB1C72733D0069300F /* Resources */,
			);
			buildRules = (
			);
			dependencies = (
			);
			name = "Morning Briefing";
			productName = "Morning Briefing";
			productReference = 4C6716DD1C72733D0069300F /* Morning Briefing.app */;
			productType = "com.apple.product-type.application";
		};
/* End PBXNativeTarget section */

/* Begin PBXProject section */
		4C6716D51C72733D0069300F /* Project object */ = {
			isa = PBXProject;
			attributes = {
				LastSwiftUpdateCheck = 0720;
				LastUpgradeCheck = 0720;
				ORGANIZATIONNAME = "Michael Chen";
				TargetAttributes = {
					4C6716DC1C72733D0069300F = {
						CreatedOnToolsVersion = 7.2.1;
					};
				};
			};
			buildConfigurationList = 4C6716D81C72733D0069300F /* Build configuration list for PBXProject "Morning Briefing" */;
			compatibilityVersion = "Xcode 3.2";
			developmentRegion = English;
			hasScannedForEncodings = 0;
			knownRegions = (
				en,
				Base,
			);
			mainGroup = 4C6716D41C72733D0069300F;
			productRefGroup = 4C6716DE1C72733D0069300F /* Products */;
			projectDirPath = "";
			projectRoot = "";
			targets = (
				4C6716DC1C72733D0069300F /* Morning Briefing */,
			);
		};
/* End PBXProject section */

/* Begin PBXResourcesBuildPhase section */
		4C6716DB1C72733D0069300F /* Resources */ = {
			isa = PBXResourcesBuildPhase;
			buildActionMask = 2147483647;
			files = (
				4C6716EB1C72733D0069300F /* LaunchScreen.storyboard in Resources */,
				4C6716E81C72733D0069300F /* Assets.xcassets in Resources */,
				4C6716E61C72733D0069300F /* Main.storyboard in Resources */,
			);
			runOnlyForDeploymentPostprocessing = 0;
		};
/* End PBXResourcesBuildPhase section */

/* Begin PBXSourcesBuildPhase section */
		4C6716D91C72733D0069300F /* Sources */ = {
			isa = PBXSourcesBuildPhase;
			buildActionMask = 2147483647;
			files = (
				4C6716F31C72749C0069300F /* UIImage+Gif.swift in Sources */,
				4C6716F51C72FCDF0069300F /* AdditionalViewController.swift in Sources */,
				4C6716E31C72733D0069300F /* ViewController.swift in Sources */,
				4C6716E11C72733D0069300F /* AppDelegate.swift in Sources */,
			);
			runOnlyForDeploymentPostprocessing = 0;
		};
/* End PBXSourcesBuildPhase section */

/* Begin PBXVariantGroup section */
		4C6716E41C72733D0069300F /* Main.storyboard */ = {
			isa = PBXVariantGroup;
			children = (
				4C6716E51C72733D0069300F /* Base */,
			);
			name = Main.storyboard;
			sourceTree = "<group>";
		};
		4C6716E91C72733D0069300F /* LaunchScreen.storyboard */ = {
			isa = PBXVariantGroup;
			children = (
				4C6716EA1C72733D0069300F /* Base */,
			);
			name = LaunchScreen.storyboard;
			sourceTree = "<group>";
		};
/* End PBXVariantGroup section */

/* Begin XCBuildConfiguration section */
		4C6716ED1C72733D0069300F /* Debug */ = {
			isa = XCBuildConfiguration;
			buildSettings = {
				ALWAYS_SEARCH_USER_PATHS = NO;
				CLANG_CXX_LANGUAGE_STANDARD = "gnu++0x";
				CLANG_CXX_LIBRARY = "libc++";
				CLANG_ENABLE_MODULES = YES;
				CLANG_ENABLE_OBJC_ARC = YES;
				CLANG_WARN_BOOL_CONVERSION = YES;
				CLANG_WARN_CONSTANT_CONVERSION = YES;
				CLANG_WARN_DIRECT_OBJC_ISA_USAGE = YES_ERROR;
				CLANG_WARN_EMPTY_BODY = YES;
				CLANG_WARN_ENUM_CONVERSION = YES;
				CLANG_WARN_INT_CONVERSION = YES;
				CLANG_WARN_OBJC_ROOT_CLASS = YES_ERROR;
				CLANG_WARN_UNREACHABLE_CODE = YES;
				CLANG_WARN__DUPLICATE_METHOD_MATCH = YES;
				"CODE_SIGN_IDENTITY[sdk=iphoneos*]" = "iPhone Developer";
				COPY_PHASE_STRIP = NO;
				DEBUG_INFORMATION_FORMAT = dwarf;
				ENABLE_STRICT_OBJC_MSGSEND = YES;
				ENABLE_TESTABILITY = YES;
				GCC_C_LANGUAGE_STANDARD = gnu99;
				GCC_DYNAMIC_NO_PIC = NO;
				GCC_NO_COMMON_BLOCKS = YES;
				GCC_OPTIMIZATION_LEVEL = 0;
				GCC_PREPROCESSOR_DEFINITIONS = (
					"DEBUG=1",
					"$(inherited)",
				);
				GCC_WARN_64_TO_32_BIT_CONVERSION = YES;
				GCC_WARN_ABOUT_RETURN_TYPE = YES_ERROR;
				GCC_WARN_UNDECLARED_SELECTOR = YES;
				GCC_WARN_UNINITIALIZED_AUTOS = YES_AGGRESSIVE;
				GCC_WARN_UNUSED_FUNCTION = YES;
				GCC_WARN_UNUSED_VARIABLE = YES;
				IPHONEOS_DEPLOYMENT_TARGET = 9.2;
				MTL_ENABLE_DEBUG_INFO = YES;
				ONLY_ACTIVE_ARCH = YES;
				SDKROOT = iphoneos;
				SWIFT_OPTIMIZATION_LEVEL = "-Onone";
			};
			name = Debug;
		};
		4C6716EE1C72733D0069300F /* Release */ = {
			isa = XCBuildConfiguration;
			buildSettings = {
				ALWAYS_SEARCH_USER_PATHS = NO;
				CLANG_CXX_LANGUAGE_STANDARD = "gnu++0x";
				CLANG_CXX_LIBRARY = "libc++";
				CLANG_ENABLE_MODULES = YES;
				CLANG_ENABLE_OBJC_ARC = YES;
				CLANG_WARN_BOOL_CONVERSION = YES;
				CLANG_WARN_CONSTANT_CONVERSION = YES;
				CLANG_WARN_DIRECT_OBJC_ISA_USAGE = YES_ERROR;
				CLANG_WARN_EMPTY_BODY = YES;
				CLANG_WARN_ENUM_CONVERSION = YES;
				CLANG_WARN_INT_CONVERSION = YES;
				CLANG_WARN_OBJC_ROOT_CLASS = YES_ERROR;
				CLANG_WARN_UNREACHABLE_CODE = YES;
				CLANG_WARN__DUPLICATE_METHOD_MATCH = YES;
				"CODE_SIGN_IDENTITY[sdk=iphoneos*]" = "iPhone Developer";
				COPY_PHASE_STRIP = NO;
				DEBUG_INFORMATION_FORMAT = "dwarf-with-dsym";
				ENABLE_NS_ASSERTIONS = NO;
				ENABLE_STRICT_OBJC_MSGSEND = YES;
				GCC_C_LANGUAGE_STANDARD = gnu99;
				GCC_NO_COMMON_BLOCKS = YES;
				GCC_WARN_64_TO_32_BIT_CONVERSION = YES;
				GCC_WARN_ABOUT_RETURN_TYPE = YES_ERROR;
				GCC_WARN_UNDECLARED_SELECTOR = YES;
				GCC_WARN_UNINITIALIZED_AUTOS = YES_AGGRESSIVE;
				GCC_WARN_UNUSED_FUNCTION = YES;
				GCC_WARN_UNUSED_VARIABLE = YES;
				IPHONEOS_DEPLOYMENT_TARGET = 9.2;
				MTL_ENABLE_DEBUG_INFO = NO;
				SDKROOT = iphoneos;
				VALIDATE_PRODUCT = YES;
			};
			name = Release;
		};
		4C6716F01C72733D0069300F /* Debug */ = {
			isa = XCBuildConfiguration;
			buildSettings = {
				ASSETCATALOG_COMPILER_APPICON_NAME = AppIcon;
				INFOPLIST_FILE = "Morning Briefing/Info.plist";
				LD_RUNPATH_SEARCH_PATHS = "$(inherited) @executable_path/Frameworks";
				PRODUCT_BUNDLE_IDENTIFIER = "michael.Morning-Briefing";
				PRODUCT_NAME = "$(TARGET_NAME)";
			};
			name = Debug;
		};
		4C6716F11C72733D0069300F /* Release */ = {
			isa = XCBuildConfiguration;
			buildSettings = {
				ASSETCATALOG_COMPILER_APPICON_NAME = AppIcon;
				INFOPLIST_FILE = "Morning Briefing/Info.plist";
				LD_RUNPATH_SEARCH_PATHS = "$(inherited) @executable_path/Frameworks";
				PRODUCT_BUNDLE_IDENTIFIER = "michael.Morning-Briefing";
				PRODUCT_NAME = "$(TARGET_NAME)";
			};
			name = Release;
		};
/* End XCBuildConfiguration section */

/* Begin XCConfigurationList section */
		4C6716D81C72733D0069300F /* Build configuration list for PBXProject "Morning Briefing" */ = {
			isa = XCConfigurationList;
			buildConfigurations = (
				4C6716ED1C72733D0069300F /* Debug */,
				4C6716EE1C72733D0069300F /* Release */,
			);
			defaultConfigurationIsVisible = 0;
			defaultConfigurationName = Release;
		};
		4C6716EF1C72733D0069300F /* Build configuration list for PBXNativeTarget "Morning Briefing" */ = {
			isa = XCConfigurationList;
			buildConfigurations = (
				4C6716F01C72733D0069300F /* Debug */,
				4C6716F11C72733D0069300F /* Release */,
			);
			defaultConfigurationIsVisible = 0;
		};
/* End XCConfigurationList section */
	};
	rootObject = 4C6716D51C72733D0069300F /* Project object */;
}
